
Microsoft Visual Studio Solution File, Format Version 11.00
# Visual Studio 2010
Project("{FAE04EC0-301F-11D3-BF4B-00C04F79EFBC}") = "Assembly-CSharp", "Assembly-CSharp.csproj", "{CFDE963A-6F82-5B5A-4D6F-BA6D6E423693}"
EndProject
Project("{FAE04EC0-301F-11D3-BF4B-00C04F79EFBC}") = "Toolbox", "Toolbox.csproj", "{CEEF1589-CF27-627B-D054-27AAAF6A6F59}"
EndProject
Project("{FAE04EC0-301F-11D3-BF4B-00C04F79EFBC}") = "Unity.RenderPipelines.HighDefinition.Config.Runtime", "Unity.RenderPipelines.HighDefinition.Config.Runtime.csproj", "{27C03352-97F7-A6EE-02BA-DA951EA0B871}"
EndProject
Project("{FAE04EC0-301F-11D3-BF4B-00C04F79EFBC}") = "Assembly-CSharp-Editor", "Assembly-CSharp-Editor.csproj", "{FD01DD60-8EC6-8860-B325-FAD98BCAC2E2}"
EndProject
Project("{FAE04EC0-301F-11D3-BF4B-00C04F79EFBC}") = "Toolbox-Editor", "Toolbox-Editor.csproj", "{C4F9C90D-E216-5AD7-CC17-28198443457E}"
EndProject
Project("{FAE04EC0-301F-11D3-BF4B-00C04F79EFBC}") = "Unity.Recorder.Samples.Editor", "Unity.Recorder.Samples.Editor.csproj", "{49E5F78C-F10A-DCC3-0F1A-4A1B886C8D57}"
EndProject
Global
	GlobalSection(SolutionConfigurationPlatforms) = preSolution
		Debug|Any CPU = Debug|Any CPU
		Release|Any CPU = Release|Any CPU
	EndGlobalSection
	GlobalSection(ProjectConfigurationPlatforms) = postSolution
		{CFDE963A-6F82-5B5A-4D6F-BA6D6E423693}.Debug|Any CPU.ActiveCfg = Debug|Any CPU
		{CFDE963A-6F82-5B5A-4D6F-BA6D6E423693}.Debug|Any CPU.Build.0 = Debug|Any CPU
		{CFDE963A-6F82-5B5A-4D6F-BA6D6E423693}.Release|Any CPU.ActiveCfg = Release|Any CPU
		{CFDE963A-6F82-5B5A-4D6F-BA6D6E423693}.Release|Any CPU.Build.0 = Release|Any CPU
		{CEEF1589-CF27-627B-D054-27AAAF6A6F59}.Debug|Any CPU.ActiveCfg = Debug|Any CPU
		{CEEF1589-CF27-627B-D054-27AAAF6A6F59}.Debug|Any CPU.Build.0 = Debug|Any CPU
		{CEEF1589-CF27-627B-D054-27AAAF6A6F59}.Release|Any CPU.ActiveCfg = Release|Any CPU
		{CEEF1589-CF27-627B-D054-27AAAF6A6F59}.Release|Any CPU.Build.0 = Release|Any CPU
		{27C03352-97F7-A6EE-02BA-DA951EA0B871}.Debug|Any CPU.ActiveCfg = Debug|Any CPU
		{27C03352-97F7-A6EE-02BA-DA951EA0B871}.Debug|Any CPU.Build.0 = Debug|Any CPU
		{27C03352-97F7-A6EE-02BA-DA951EA0B871}.Release|Any CPU.ActiveCfg = Release|Any CPU
		{27C03352-97F7-A6EE-02BA-DA951EA0B871}.Release|Any CPU.Build.0 = Release|Any CPU
		{FD01DD60-8EC6-8860-B325-FAD98BCAC2E2}.Debug|Any CPU.ActiveCfg = Debug|Any CPU
		{FD01DD60-8EC6-8860-B325-FAD98BCAC2E2}.Debug|Any CPU.Build.0 = Debug|Any CPU
		{FD01DD60-8EC6-8860-B325-FAD98BCAC2E2}.Release|Any CPU.ActiveCfg = Release|Any CPU
		{FD01DD60-8EC6-8860-B325-FAD98BCAC2E2}.Release|Any CPU.Build.0 = Release|Any CPU
		{C4F9C90D-E216-5AD7-CC17-28198443457E}.Debug|Any CPU.ActiveCfg = Debug|Any CPU
		{C4F9C90D-E216-5AD7-CC17-28198443457E}.Debug|Any CPU.Build.0 = Debug|Any CPU
		{C4F9C90D-E216-5AD7-CC17-28198443457E}.Release|Any CPU.ActiveCfg = Release|Any CPU
		{C4F9C90D-E216-5AD7-CC17-28198443457E}.Release|Any CPU.Build.0 = Release|Any CPU
		{49E5F78C-F10A-DCC3-0F1A-4A1B886C8D57}.Debug|Any CPU.ActiveCfg = Debug|Any CPU
		{49E5F78C-F10A-DCC3-0F1A-4A1B886C8D57}.Debug|Any CPU.Build.0 = Debug|Any CPU
		{49E5F78C-F10A-DCC3-0F1A-4A1B886C8D57}.Release|Any CPU.ActiveCfg = Release|Any CPU
		{49E5F78C-F10A-DCC3-0F1A-4A1B886C8D57}.Release|Any CPU.Build.0 = Release|Any CPU
	EndGlobalSection
	GlobalSection(SolutionProperties) = preSolution
		HideSolutionNode = FALSE
	EndGlobalSection
EndGlobal
