
Microsoft Visual Studio Solution File, Format Version 12.00
# Visual Studio 15
Project("{FAE04EC0-301F-11D3-BF4B-00C04F79EFBC}") = "Assembly-CSharp", "Assembly-CSharp.csproj", "{CFDE963A-6F82-5B5A-4D6F-BA6D6E423693}"
EndProject
Global
	GlobalSection(SolutionConfigurationPlatforms) = preSolution
		Debug|Any CPU = Debug|Any CPU
		Release|Any CPU = Release|Any CPU
	EndGlobalSection
	GlobalSection(ProjectConfigurationPlatforms) = postSolution
		{CFDE963A-6F82-5B5A-4D6F-BA6D6E423693}.Debug|Any CPU.ActiveCfg = Debug|Any CPU
		{CFDE963A-6F82-5B5A-4D6F-BA6D6E423693}.Debug|Any CPU.Build.0 = Debug|Any CPU
		{CFDE963A-6F82-5B5A-4D6F-BA6D6E423693}.Release|Any CPU.ActiveCfg = Release|Any CPU
		{CFDE963A-6F82-5B5A-4D6F-BA6D6E423693}.Release|Any CPU.Build.0 = Release|Any CPU
	EndGlobalSection
	GlobalSection(SolutionProperties) = preSolution
		HideSolutionNode = FALSE
	EndGlobalSection
EndGlobal
